{
  "version": 4,
  "terraform_version": "1.9.8",
  "serial": 4,
  "lineage": "c426f9b0-1cf9-b5e1-ad86-eaf6e3d7d6f0",
  "outputs": {
    "workspace_id": {
      "value": "/subscriptions/35644ff4-0bda-4ea2-9454-ede0a5ad758e/resourceGroups/rg-g42-hunting-india/providers/Microsoft.OperationalInsights/workspaces/uae-north-sentinel",
      "type": "string"
    }
  },
  "resources": [
    {
      "mode": "managed",
      "type": "azurerm_log_analytics_solution",
      "name": "g42",
      "provider": "provider[\"registry.terraform.io/hashicorp/azurerm\"]",
      "instances": [
        {
          "schema_version": 1,
          "attributes": {
            "id": "/subscriptions/35644ff4-0bda-4ea2-9454-ede0a5ad758e/resourceGroups/rg-g42-hunting-india/providers/Microsoft.OperationsManagement/solutions/SecurityInsights(uae-north-sentinel)",
            "location": "uaenorth",
            "plan": [
              {
                "name": "SecurityInsights(uae-north-sentinel)",
                "product": "OMSGallery/SecurityInsights",
                "promotion_code": "",
                "publisher": "Microsoft"
              }
            ],
            "resource_group_name": "rg-g42-hunting-india",
            "solution_name": "SecurityInsights",
            "tags": null,
            "timeouts": null,
            "workspace_name": "uae-north-sentinel",
            "workspace_resource_id": "/subscriptions/35644ff4-0bda-4ea2-9454-ede0a5ad758e/resourceGroups/rg-g42-hunting-india/providers/Microsoft.OperationalInsights/workspaces/uae-north-sentinel"
          },
          "sensitive_attributes": [],
          "private": "eyJlMmJmYjczMC1lY2FhLTExZTYtOGY4OC0zNDM2M2JjN2M0YzAiOnsiY3JlYXRlIjoxODAwMDAwMDAwMDAwLCJkZWxldGUiOjE4MDAwMDAwMDAwMDAsInJlYWQiOjMwMDAwMDAwMDAwMCwidXBkYXRlIjoxODAwMDAwMDAwMDAwfSwic2NoZW1hX3ZlcnNpb24iOiIxIn0=",
          "dependencies": [
            "azurerm_log_analytics_workspace.g42",
            "azurerm_resource_group.g42"
          ]
        }
      ]
    },
    {
      "mode": "managed",
      "type": "azurerm_log_analytics_workspace",
      "name": "g42",
      "provider": "provider[\"registry.terraform.io/hashicorp/azurerm\"]",
      "instances": [
        {
          "schema_version": 3,
          "attributes": {
            "allow_resource_only_permissions": true,
            "cmk_for_query_forced": false,
            "daily_quota_gb": -1,
            "data_collection_rule_id": "",
            "id": "/subscriptions/35644ff4-0bda-4ea2-9454-ede0a5ad758e/resourceGroups/rg-g42-hunting-india/providers/Microsoft.OperationalInsights/workspaces/uae-north-sentinel",
            "identity": [],
            "immediate_data_purge_on_30_days_enabled": false,
            "internet_ingestion_enabled": true,
            "internet_query_enabled": true,
            "local_authentication_disabled": false,
            "local_authentication_enabled": true,
            "location": "uaenorth",
            "name": "uae-north-sentinel",
            "primary_shared_key": "RpOfTB01YKBSU6LvskvIDXgdrHD1AGqgKFUx0wDCWIhNmeTQH1G3xqEwL0aNXPfPPcXYU+ovLoCbIXWcZGzZ1g==",
            "reservation_capacity_in_gb_per_day": null,
            "resource_group_name": "rg-g42-hunting-india",
            "retention_in_days": 30,
            "secondary_shared_key": "s16/PcVnUDQEY2DBEWQd+x9FzT9WxYKC65TBS7U7wy56lFWdV41LQjKAGpx1wxRGZvR8B4h+AKI6Ib9F/bI0jA==",
            "sku": "PerGB2018",
            "tags": null,
            "timeouts": null,
            "workspace_id": "ee7dc27e-3258-4f0b-a937-09ec25c90c4e"
          },
          "sensitive_attributes": [
            [
              {
                "type": "get_attr",
                "value": "secondary_shared_key"
              }
            ],
            [
              {
                "type": "get_attr",
                "value": "primary_shared_key"
              }
            ]
          ],
          "private": "eyJlMmJmYjczMC1lY2FhLTExZTYtOGY4OC0zNDM2M2JjN2M0YzAiOnsiY3JlYXRlIjoxODAwMDAwMDAwMDAwLCJkZWxldGUiOjE4MDAwMDAwMDAwMDAsInJlYWQiOjMwMDAwMDAwMDAwMCwidXBkYXRlIjoxODAwMDAwMDAwMDAwfSwic2NoZW1hX3ZlcnNpb24iOiIzIn0=",
          "dependencies": [
            "azurerm_resource_group.g42"
          ]
        }
      ]
    },
    {
      "mode": "managed",
      "type": "azurerm_resource_group",
      "name": "g42",
      "provider": "provider[\"registry.terraform.io/hashicorp/azurerm\"]",
      "instances": [
        {
          "schema_version": 0,
          "attributes": {
            "id": "/subscriptions/35644ff4-0bda-4ea2-9454-ede0a5ad758e/resourceGroups/rg-g42-hunting-india",
            "location": "uaenorth",
            "managed_by": "",
            "name": "rg-g42-hunting-india",
            "tags": null,
            "timeouts": null
          },
          "sensitive_attributes": [],
          "private": "eyJlMmJmYjczMC1lY2FhLTExZTYtOGY4OC0zNDM2M2JjN2M0YzAiOnsiY3JlYXRlIjo1NDAwMDAwMDAwMDAwLCJkZWxldGUiOjU0MDAwMDAwMDAwMDAsInJlYWQiOjMwMDAwMDAwMDAwMCwidXBkYXRlIjo1NDAwMDAwMDAwMDAwfX0="
        }
      ]
    }
  ],
  "check_results": null
}
